// !$*UTF8*$!
{
	archiveVersion = 1;
	classes = {
	};
	objectVersion = 55;
	objects = {

/* Begin PBXBuildFile section */
		207D09AC288AD3AF003F2575 /* IFLTestStaticLib.m in Sources */ = {isa = PBXBuildFile; fileRef = 207D09AB288AD3AF003F2575 /* IFLTestStaticLib.m */; };
		207D09AD288AD3AF003F2575 /* IFLTestStaticLib.h in CopyFiles */ = {isa = PBXBuildFile; fileRef = 207D09AA288AD3AF003F2575 /* IFLTestStaticLib.h */; };
		207D09B5288AD3C2003F2575 /* IFLSymbolStaticLibFunc.m in Sources */ = {isa = PBXBuildFile; fileRef = 207D09B4288AD3C2003F2575 /* IFLSymbolStaticLibFunc.m */; };
/* End PBXBuildFile section */

/* Begin PBXCopyFilesBuildPhase section */
		207D09A5288AD3AF003F2575 /* CopyFiles */ = {
			isa = PBXCopyFilesBuildPhase;
			buildActionMask = 2147483647;
			dstPath = "include/$(PRODUCT_NAME)";
			dstSubfolderSpec = 16;
			files = (
				207D09AD288AD3AF003F2575 /* IFLTestStaticLib.h in CopyFiles */,
			);
			runOnlyForDeploymentPostprocessing = 0;
		};
/* End PBXCopyFilesBuildPhase section */

/* Begin PBXFileReference section */
		207D09A7288AD3AF003F2575 /* libIFLTestStaticLib.a */ = {isa = PBXFileReference; explicitFileType = archive.ar; includeInIndex = 0; path = libIFLTestStaticLib.a; sourceTree = BUILT_PRODUCTS_DIR; };
		207D09AA288AD3AF003F2575 /* IFLTestStaticLib.h */ = {isa = PBXFileReference; lastKnownFileType = sourcecode.c.h; path = IFLTestStaticLib.h; sourceTree = "<group>"; };
		207D09AB288AD3AF003F2575 /* IFLTestStaticLib.m */ = {isa = PBXFileReference; lastKnownFileType = sourcecode.c.objc; path = IFLTestStaticLib.m; sourceTree = "<group>"; };
		207D09B3288AD3C2003F2575 /* IFLSymbolStaticLibFunc.h */ = {isa = PBXFileReference; lastKnownFileType = sourcecode.c.h; path = IFLSymbolStaticLibFunc.h; sourceTree = "<group>"; };
		207D09B4288AD3C2003F2575 /* IFLSymbolStaticLibFunc.m */ = {isa = PBXFileReference; lastKnownFileType = sourcecode.c.objc; path = IFLSymbolStaticLibFunc.m; sourceTree = "<group>"; };
/* End PBXFileReference section */

/* Begin PBXFrameworksBuildPhase section */
		207D09A4288AD3AF003F2575 /* Frameworks */ = {
			isa = PBXFrameworksBuildPhase;
			buildActionMask = 2147483647;
			files = (
			);
			runOnlyForDeploymentPostprocessing = 0;
		};
/* End PBXFrameworksBuildPhase section */

/* Begin PBXGroup section */
		207D099E288AD3AF003F2575 = {
			isa = PBXGroup;
			children = (
				207D09A9288AD3AF003F2575 /* IFLTestStaticLib */,
				207D09A8288AD3AF003F2575 /* Products */,
			);
			sourceTree = "<group>";
		};
		207D09A8288AD3AF003F2575 /* Products */ = {
			isa = PBXGroup;
			children = (
				207D09A7288AD3AF003F2575 /* libIFLTestStaticLib.a */,
			);
			name = Products;
			sourceTree = "<group>";
		};
		207D09A9288AD3AF003F2575 /* IFLTestStaticLib */ = {
			isa = PBXGroup;
			children = (
				207D09AA288AD3AF003F2575 /* IFLTestStaticLib.h */,
				207D09AB288AD3AF003F2575 /* IFLTestStaticLib.m */,
				207D09B3288AD3C2003F2575 /* IFLSymbolStaticLibFunc.h */,
				207D09B4288AD3C2003F2575 /* IFLSymbolStaticLibFunc.m */,
			);
			path = IFLTestStaticLib;
			sourceTree = "<group>";
		};
/* End PBXGroup section */

/* Begin PBXNativeTarget section */
		207D09A6288AD3AF003F2575 /* IFLTestStaticLib */ = {
			isa = PBXNativeTarget;
			buildConfigurationList = 207D09B0288AD3AF003F2575 /* Build configuration list for PBXNativeTarget "IFLTestStaticLib" */;
			buildPhases = (
				207D09A3288AD3AF003F2575 /* Sources */,
				207D09A4288AD3AF003F2575 /* Frameworks */,
				207D09A5288AD3AF003F2575 /* CopyFiles */,
				207D09B6288AD437003F2575 /* Run Script */,
			);
			buildRules = (
			);
			dependencies = (
			);
			name = IFLTestStaticLib;
			productName = IFLTestStaticLib;
			productReference = 207D09A7288AD3AF003F2575 /* libIFLTestStaticLib.a */;
			productType = "com.apple.product-type.library.static";
		};
/* End PBXNativeTarget section */

/* Begin PBXProject section */
		207D099F288AD3AF003F2575 /* Project object */ = {
			isa = PBXProject;
			attributes = {
				BuildIndependentTargetsInParallel = 1;
				LastUpgradeCheck = 1330;
				TargetAttributes = {
					207D09A6288AD3AF003F2575 = {
						CreatedOnToolsVersion = 13.3.1;
					};
				};
			};
			buildConfigurationList = 207D09A2288AD3AF003F2575 /* Build configuration list for PBXProject "IFLTestStaticLib" */;
			compatibilityVersion = "Xcode 13.0";
			developmentRegion = en;
			hasScannedForEncodings = 0;
			knownRegions = (
				en,
				Base,
			);
			mainGroup = 207D099E288AD3AF003F2575;
			productRefGroup = 207D099E288AD3AF003F2575;
			projectDirPath = "";
			projectRoot = "";
			targets = (
				207D09A6288AD3AF003F2575 /* IFLTestStaticLib */,
			);
		};
/* End PBXProject section */

/* Begin PBXShellScriptBuildPhase section */
		207D09B6288AD437003F2575 /* Run Script */ = {
			isa = PBXShellScriptBuildPhase;
			buildActionMask = 2147483647;
			files = (
			);
			inputFileListPaths = (
			);
			inputPaths = (
			);
			name = "Run Script";
			outputFileListPaths = (
			);
			outputPaths = (
			);
			runOnlyForDeploymentPostprocessing = 0;
			shellPath = /bin/sh;
			shellScript = "cp -R \"${BUILD_DIR}/${CONFIGURATION}/lib${PRODUCT_NAME}.a\" \"/Users/erlich/Developer/workspace/ios/test/test_symbol/IFLTestSymbolWs/IFLTestSymbol/IFLTestSymbol/libs/lib${PRODUCT_NAME}.a\"\n";
		};
/* End PBXShellScriptBuildPhase section */

/* Begin PBXSourcesBuildPhase section */
		207D09A3288AD3AF003F2575 /* Sources */ = {
			isa = PBXSourcesBuildPhase;
			buildActionMask = 2147483647;
			files = (
				207D09AC288AD3AF003F2575 /* IFLTestStaticLib.m in Sources */,
				207D09B5288AD3C2003F2575 /* IFLSymbolStaticLibFunc.m in Sources */,
			);
			runOnlyForDeploymentPostprocessing = 0;
		};
/* End PBXSourcesBuildPhase section */

/* Begin XCBuildConfiguration section */
		207D09AE288AD3AF003F2575 /* Debug */ = {
			isa = XCBuildConfiguration;
			buildSettings = {
				ALWAYS_SEARCH_USER_PATHS = NO;
				CLANG_ANALYZER_NONNULL = YES;
				CLANG_ANALYZER_NUMBER_OBJECT_CONVERSION = YES_AGGRESSIVE;
				CLANG_CXX_LANGUAGE_STANDARD = "gnu++17";
				CLANG_ENABLE_MODULES = YES;
				CLANG_ENABLE_OBJC_ARC = YES;
				CLANG_ENABLE_OBJC_WEAK = YES;
				CLANG_WARN_BLOCK_CAPTURE_AUTORELEASING = YES;
				CLANG_WARN_BOOL_CONVERSION = YES;
				CLANG_WARN_COMMA = YES;
				CLANG_WARN_CONSTANT_CONVERSION = YES;
				CLANG_WARN_DEPRECATED_OBJC_IMPLEMENTATIONS = YES;
				CLANG_WARN_DIRECT_OBJC_ISA_USAGE = YES_ERROR;
				CLANG_WARN_DOCUMENTATION_COMMENTS = YES;
				CLANG_WARN_EMPTY_BODY = YES;
				CLANG_WARN_ENUM_CONVERSION = YES;
				CLANG_WARN_INFINITE_RECURSION = YES;
				CLANG_WARN_INT_CONVERSION = YES;
				CLANG_WARN_NON_LITERAL_NULL_CONVERSION = YES;
				CLANG_WARN_OBJC_IMPLICIT_RETAIN_SELF = YES;
				CLANG_WARN_OBJC_LITERAL_CONVERSION = YES;
				CLANG_WARN_OBJC_ROOT_CLASS = YES_ERROR;
				CLANG_WARN_QUOTED_INCLUDE_IN_FRAMEWORK_HEADER = YES;
				CLANG_WARN_RANGE_LOOP_ANALYSIS = YES;
				CLANG_WARN_STRICT_PROTOTYPES = YES;
				CLANG_WARN_SUSPICIOUS_MOVE = YES;
				CLANG_WARN_UNGUARDED_AVAILABILITY = YES_AGGRESSIVE;
				CLANG_WARN_UNREACHABLE_CODE = YES;
				CLANG_WARN__DUPLICATE_METHOD_MATCH = YES;
				COPY_PHASE_STRIP = NO;
				DEBUG_INFORMATION_FORMAT = dwarf;
				ENABLE_STRICT_OBJC_MSGSEND = YES;
				ENABLE_TESTABILITY = YES;
				GCC_C_LANGUAGE_STANDARD = gnu11;
				GCC_DYNAMIC_NO_PIC = NO;
				GCC_NO_COMMON_BLOCKS = YES;
				GCC_OPTIMIZATION_LEVEL = 0;
				GCC_PREPROCESSOR_DEFINITIONS = (
					"DEBUG=1",
					"$(inherited)",
				);
				GCC_WARN_64_TO_32_BIT_CONVERSION = YES;
				GCC_WARN_ABOUT_RETURN_TYPE = YES_ERROR;
				GCC_WARN_UNDECLARED_SELECTOR = YES;
				GCC_WARN_UNINITIALIZED_AUTOS = YES_AGGRESSIVE;
				GCC_WARN_UNUSED_FUNCTION = YES;
				GCC_WARN_UNUSED_VARIABLE = YES;
				IPHONEOS_DEPLOYMENT_TARGET = 15.4;
				MTL_ENABLE_DEBUG_INFO = INCLUDE_SOURCE;
				MTL_FAST_MATH = YES;
				ONLY_ACTIVE_ARCH = YES;
				SDKROOT = iphoneos;
			};
			name = Debug;
		};
		207D09AF288AD3AF003F2575 /* Release */ = {
			isa = XCBuildConfiguration;
			buildSettings = {
				ALWAYS_SEARCH_USER_PATHS = NO;
				CLANG_ANALYZER_NONNULL = YES;
				CLANG_ANALYZER_NUMBER_OBJECT_CONVERSION = YES_AGGRESSIVE;
				CLANG_CXX_LANGUAGE_STANDARD = "gnu++17";
				CLANG_ENABLE_MODULES = YES;
				CLANG_ENABLE_OBJC_ARC = YES;
				CLANG_ENABLE_OBJC_WEAK = YES;
				CLANG_WARN_BLOCK_CAPTURE_AUTORELEASING = YES;
				CLANG_WARN_BOOL_CONVERSION = YES;
				CLANG_WARN_COMMA = YES;
				CLANG_WARN_CONSTANT_CONVERSION = YES;
				CLANG_WARN_DEPRECATED_OBJC_IMPLEMENTATIONS = YES;
				CLANG_WARN_DIRECT_OBJC_ISA_USAGE = YES_ERROR;
				CLANG_WARN_DOCUMENTATION_COMMENTS = YES;
				CLANG_WARN_EMPTY_BODY = YES;
				CLANG_WARN_ENUM_CONVERSION = YES;
				CLANG_WARN_INFINITE_RECURSION = YES;
				CLANG_WARN_INT_CONVERSION = YES;
				CLANG_WARN_NON_LITERAL_NULL_CONVERSION = YES;
				CLANG_WARN_OBJC_IMPLICIT_RETAIN_SELF = YES;
				CLANG_WARN_OBJC_LITERAL_CONVERSION = YES;
				CLANG_WARN_OBJC_ROOT_CLASS = YES_ERROR;
				CLANG_WARN_QUOTED_INCLUDE_IN_FRAMEWORK_HEADER = YES;
				CLANG_WARN_RANGE_LOOP_ANALYSIS = YES;
				CLANG_WARN_STRICT_PROTOTYPES = YES;
				CLANG_WARN_SUSPICIOUS_MOVE = YES;
				CLANG_WARN_UNGUARDED_AVAILABILITY = YES_AGGRESSIVE;
				CLANG_WARN_UNREACHABLE_CODE = YES;
				CLANG_WARN__DUPLICATE_METHOD_MATCH = YES;
				COPY_PHASE_STRIP = NO;
				DEBUG_INFORMATION_FORMAT = "dwarf-with-dsym";
				ENABLE_NS_ASSERTIONS = NO;
				ENABLE_STRICT_OBJC_MSGSEND = YES;
				GCC_C_LANGUAGE_STANDARD = gnu11;
				GCC_NO_COMMON_BLOCKS = YES;
				GCC_WARN_64_TO_32_BIT_CONVERSION = YES;
				GCC_WARN_ABOUT_RETURN_TYPE = YES_ERROR;
				GCC_WARN_UNDECLARED_SELECTOR = YES;
				GCC_WARN_UNINITIALIZED_AUTOS = YES_AGGRESSIVE;
				GCC_WARN_UNUSED_FUNCTION = YES;
				GCC_WARN_UNUSED_VARIABLE = YES;
				IPHONEOS_DEPLOYMENT_TARGET = 15.4;
				MTL_ENABLE_DEBUG_INFO = NO;
				MTL_FAST_MATH = YES;
				SDKROOT = iphoneos;
				VALIDATE_PRODUCT = YES;
			};
			name = Release;
		};
		207D09B1288AD3AF003F2575 /* Debug */ = {
			isa = XCBuildConfiguration;
			buildSettings = {
				CODE_SIGN_STYLE = Automatic;
				DEVELOPMENT_TEAM = T4WCYCBLB7;
				LIBRARY_SEARCH_PATHS = (
					"$(inherited)",
					"$(PROJECT_DIR)/IFLTestStaticLib",
				);
				OTHER_LDFLAGS = "-ObjC";
				PRODUCT_NAME = "$(TARGET_NAME)";
				SDKROOT = macosx;
				SKIP_INSTALL = YES;
				TARGETED_DEVICE_FAMILY = "1,2";
			};
			name = Debug;
		};
		207D09B2288AD3AF003F2575 /* Release */ = {
			isa = XCBuildConfiguration;
			buildSettings = {
				CODE_SIGN_STYLE = Automatic;
				DEVELOPMENT_TEAM = T4WCYCBLB7;
				LIBRARY_SEARCH_PATHS = (
					"$(inherited)",
					"$(PROJECT_DIR)/IFLTestStaticLib",
				);
				OTHER_LDFLAGS = "-ObjC";
				PRODUCT_NAME = "$(TARGET_NAME)";
				SDKROOT = macosx;
				SKIP_INSTALL = YES;
				TARGETED_DEVICE_FAMILY = "1,2";
			};
			name = Release;
		};
/* End XCBuildConfiguration section */

/* Begin XCConfigurationList section */
		207D09A2288AD3AF003F2575 /* Build configuration list for PBXProject "IFLTestStaticLib" */ = {
			isa = XCConfigurationList;
			buildConfigurations = (
				207D09AE288AD3AF003F2575 /* Debug */,
				207D09AF288AD3AF003F2575 /* Release */,
			);
			defaultConfigurationIsVisible = 0;
			defaultConfigurationName = Release;
		};
		207D09B0288AD3AF003F2575 /* Build configuration list for PBXNativeTarget "IFLTestStaticLib" */ = {
			isa = XCConfigurationList;
			buildConfigurations = (
				207D09B1288AD3AF003F2575 /* Debug */,
				207D09B2288AD3AF003F2575 /* Release */,
			);
			defaultConfigurationIsVisible = 0;
			defaultConfigurationName = Release;
		};
/* End XCConfigurationList section */
	};
	rootObject = 207D099F288AD3AF003F2575 /* Project object */;
}
